
Microsoft Visual Studio Solution File, Format Version 12.00
# Visual Studio 15
VisualStudioVersion = 15.0.28307.421
MinimumVisualStudioVersion = 10.0.40219.1
Project("{FAE04EC0-301F-11D3-BF4B-00C04F79EFBC}") = "WpfParticipation1", "WpfParticipation1\WpfParticipation1.csproj", "{0512EAC3-CB64-4B8B-9E64-75A354250946}"
EndProject
Global
	GlobalSection(SolutionConfigurationPlatforms) = preSolution
		Debug|Any CPU = Debug|Any CPU
		Release|Any CPU = Release|Any CPU
	EndGlobalSection
	GlobalSection(ProjectConfigurationPlatforms) = postSolution
		{0512EAC3-CB64-4B8B-9E64-75A354250946}.Debug|Any CPU.ActiveCfg = Debug|Any CPU
		{0512EAC3-CB64-4B8B-9E64-75A354250946}.Debug|Any CPU.Build.0 = Debug|Any CPU
		{0512EAC3-CB64-4B8B-9E64-75A354250946}.Release|Any CPU.ActiveCfg = Release|Any CPU
		{0512EAC3-CB64-4B8B-9E64-75A354250946}.Release|Any CPU.Build.0 = Release|Any CPU
	EndGlobalSection
	GlobalSection(SolutionProperties) = preSolution
		HideSolutionNode = FALSE
	EndGlobalSection
	GlobalSection(ExtensibilityGlobals) = postSolution
		SolutionGuid = {9F51BC23-5AC5-46DF-8E6B-6A406644DF95}
	EndGlobalSection
EndGlobal
