
Microsoft Visual Studio Solution File, Format Version 12.00
# Visual Studio 15
VisualStudioVersion = 15.0.28010.2050
MinimumVisualStudioVersion = 10.0.40219.1
Project("{FAE04EC0-301F-11D3-BF4B-00C04F79EFBC}") = "DataAccess", "DataAccess\DataAccess.csproj", "{373F2073-041A-4350-B721-EC7B64A82A5D}"
EndProject
Project("{FAE04EC0-301F-11D3-BF4B-00C04F79EFBC}") = "Review-Loops-Collections-Classes", "Review-Loops-Collections-Classes\Review-Loops-Collections-Classes.csproj", "{763C1ADC-CA06-4154-ABA4-A3DF545F2BF4}"
EndProject
Global
	GlobalSection(SolutionConfigurationPlatforms) = preSolution
		Debug|Any CPU = Debug|Any CPU
		Release|Any CPU = Release|Any CPU
	EndGlobalSection
	GlobalSection(ProjectConfigurationPlatforms) = postSolution
		{373F2073-041A-4350-B721-EC7B64A82A5D}.Debug|Any CPU.ActiveCfg = Debug|Any CPU
		{373F2073-041A-4350-B721-EC7B64A82A5D}.Debug|Any CPU.Build.0 = Debug|Any CPU
		{373F2073-041A-4350-B721-EC7B64A82A5D}.Release|Any CPU.ActiveCfg = Release|Any CPU
		{373F2073-041A-4350-B721-EC7B64A82A5D}.Release|Any CPU.Build.0 = Release|Any CPU
		{763C1ADC-CA06-4154-ABA4-A3DF545F2BF4}.Debug|Any CPU.ActiveCfg = Debug|Any CPU
		{763C1ADC-CA06-4154-ABA4-A3DF545F2BF4}.Debug|Any CPU.Build.0 = Debug|Any CPU
		{763C1ADC-CA06-4154-ABA4-A3DF545F2BF4}.Release|Any CPU.ActiveCfg = Release|Any CPU
		{763C1ADC-CA06-4154-ABA4-A3DF545F2BF4}.Release|Any CPU.Build.0 = Release|Any CPU
	EndGlobalSection
	GlobalSection(SolutionProperties) = preSolution
		HideSolutionNode = FALSE
	EndGlobalSection
	GlobalSection(ExtensibilityGlobals) = postSolution
		SolutionGuid = {DC7FB65A-1DED-41B5-BE88-3A4D7C1ECAB7}
	EndGlobalSection
EndGlobal
